
Microsoft Visual Studio Solution File, Format Version 12.00
# Visual Studio 14
VisualStudioVersion = 14.0.24720.0
MinimumVisualStudioVersion = 10.0.40219.1
Project("{2150E333-8FDC-42A3-9474-1A3956D46DE8}") = "DbScripts", "DbScripts", "{A74B9459-51A0-4D56-8F5A-F17340F24F27}"
EndProject
Project("{2150E333-8FDC-42A3-9474-1A3956D46DE8}") = "Solution Items", "Solution Items", "{C5BB331B-3C14-4966-AC92-9F5907DD2567}"
	ProjectSection(SolutionItems) = preProject
		GlobalAssemblyInfo.cs = GlobalAssemblyInfo.cs
	EndProjectSection
EndProject
Project("{FAE04EC0-301F-11D3-BF4B-00C04F79EFBC}") = "Middleware.Alerts", "Middleware.Alerts\Middleware.Alerts.csproj", "{CD0375D8-CFD0-4EA4-A7C7-2492CD9C5660}"
EndProject
Project("{FAE04EC0-301F-11D3-BF4B-00C04F79EFBC}") = "Middleware.Jobs", "Middleware.Jobs\Middleware.Jobs.csproj", "{C728CADC-8056-46C9-B2BB-A70C4119F96E}"
EndProject
Project("{FAE04EC0-301F-11D3-BF4B-00C04F79EFBC}") = "Middleware.Log", "MiddleWare.Log\Middleware.Log.csproj", "{AEEDD741-C346-45BA-A867-3F54B66477A4}"
EndProject
Project("{FAE04EC0-301F-11D3-BF4B-00C04F79EFBC}") = "Middleware.Scheduler.Web", "Middleware.Scheduler.Web\Middleware.Scheduler.Web.csproj", "{0AA8B946-9276-4C6D-8E0C-F3D90B79E555}"
EndProject
Project("{FAE04EC0-301F-11D3-BF4B-00C04F79EFBC}") = "Middleware.Integration", "Middleware.Integration\Middleware.Integration.csproj", "{BD53A64C-B782-4BD3-A771-4D2938DBEBFC}"
EndProject
Project("{FAE04EC0-301F-11D3-BF4B-00C04F79EFBC}") = "Middleware.Wm.Aurora.TransferControl", "Middleware.WM.Aurora.TransferControl\Middleware.Wm.Aurora.TransferControl.csproj", "{FA926702-2FC7-4C85-8ECD-91F2424F0037}"
EndProject
Project("{FAE04EC0-301F-11D3-BF4B-00C04F79EFBC}") = "Middleware.Wm.Aurora.PickTickets", "Middleware.Wm.Aurora.PickTickets\Middleware.Wm.Aurora.PickTickets.csproj", "{0F65C07A-002D-46FB-8F0A-C9738B25D054}"
EndProject
Project("{FAE04EC0-301F-11D3-BF4B-00C04F79EFBC}") = "Middleware.Wm.Aurora.Shipment", "Middleware.Wm.Aurora.Shipment\Middleware.Wm.Aurora.Shipment.csproj", "{33A5DEAD-B502-40AA-B804-CFAD7495B039}"
EndProject
Project("{FAE04EC0-301F-11D3-BF4B-00C04F79EFBC}") = "Middleware.Wm", "Middleware.Wm\Middleware.Wm.csproj", "{763AB0EE-41AE-45DA-8C2C-43547E64C5FC}"
EndProject
Project("{FAE04EC0-301F-11D3-BF4B-00C04F79EFBC}") = "Middleware.Wm.LoggingAndFileMaintenance", "Middleware.Wm.LoggingAndFileMaintenance\Middleware.Wm.LoggingAndFileMaintenance.csproj", "{24615298-1937-4540-B572-3FEE0D65A820}"
EndProject
Project("{FAE04EC0-301F-11D3-BF4B-00C04F79EFBC}") = "Middleware.Scheduler.WindowService", "Middleware.Scheduler.WindowService\Middleware.Scheduler.WindowService.csproj", "{BCB72A58-8273-4F9C-82B6-B522EBDE613C}"
EndProject
Project("{FAE04EC0-301F-11D3-BF4B-00C04F79EFBC}") = "Middleware.Wm.Manhattan", "Middleware.Wm.Manhattan\Middleware.Wm.Manhattan.csproj", "{87AE9E18-B3DC-4605-BE2A-FA7B6C50DAD6}"
EndProject
Project("{FAE04EC0-301F-11D3-BF4B-00C04F79EFBC}") = "Middleware.Wm.PickTicketConfirmation", "Middleware.Wm.PickTicketConfirmation\Middleware.Wm.PickTicketConfirmation.csproj", "{5D10EC8B-E052-4A16-8924-214719A5C6E6}"
EndProject
Project("{FAE04EC0-301F-11D3-BF4B-00C04F79EFBC}") = "Middleware.Wm.Configuration", "Middleware.Wm.Configuration\Middleware.Wm.Configuration.csproj", "{150356A5-306B-4DA5-8D0C-504DA59F0E02}"
EndProject
Project("{FAE04EC0-301F-11D3-BF4B-00C04F79EFBC}") = "Middleware.Wm.GeneralLedgerReconcilliation", "Middleware.Wm.GeneralLedgerReconcilliation\Middleware.Wm.GeneralLedgerReconcilliation.csproj", "{C7D1ABE8-8BF0-498D-942E-0C3D33B067F4}"
EndProject
Project("{FAE04EC0-301F-11D3-BF4B-00C04F79EFBC}") = "Middleware.Wm.InventorySync", "Middleware.Wm.InventorySync\Middleware.Wm.InventorySync.csproj", "{5AFD35B7-FB46-4008-8B46-AD127762D358}"
EndProject
Project("{FAE04EC0-301F-11D3-BF4B-00C04F79EFBC}") = "Middleware.Wm.Outbound", "Middleware.Wm.ManhattanOutboundData\Middleware.Wm.Outbound.csproj", "{0C7E1466-F223-4D93-B53D-E896D0271F5D}"
EndProject
Project("{FAE04EC0-301F-11D3-BF4B-00C04F79EFBC}") = "Middleware.Wm.Picking", "Middleware.Wm.Picking\Middleware.Wm.Picking.csproj", "{299A19F1-8DDC-4532-9DD9-FFF0FFCFEDED}"
EndProject
Project("{FAE04EC0-301F-11D3-BF4B-00C04F79EFBC}") = "Middleware.Wm.Picking.Tests", "Middleware.Wm.Picking.Tests\Middleware.Wm.Picking.Tests.csproj", "{5D3D0478-40A1-45F9-9BF0-12E6AAD7B321}"
EndProject
Project("{FAE04EC0-301F-11D3-BF4B-00C04F79EFBC}") = "Middleware.Wm.Pix", "Middleware.Wm.Pix\Middleware.Wm.Pix.csproj", "{21ADFF87-BB23-46BA-AE47-07B8EDA135BF}"
EndProject
Project("{FAE04EC0-301F-11D3-BF4B-00C04F79EFBC}") = "Middleware.Wm.PixReturn", "Middleware.Wm.PixReturn\Middleware.Wm.PixReturn.csproj", "{BF945C8E-81B4-4ADF-8F33-E64FF48DD0B7}"
EndProject
Project("{FAE04EC0-301F-11D3-BF4B-00C04F79EFBC}") = "Middleware.Wm.ProductReceiving", "Middleware.Wm.ProductReceiving\Middleware.Wm.ProductReceiving.csproj", "{81105C89-FD8E-44FC-84C1-B52FFFAE3508}"
EndProject
Project("{FAE04EC0-301F-11D3-BF4B-00C04F79EFBC}") = "Middleware.Wm.ProductUpdating", "Middleware.Wm.ProductUpdating\Middleware.Wm.ProductUpdating.csproj", "{29B19F64-6443-4A62-A3D1-AEC8C8514824}"
EndProject
Project("{FAE04EC0-301F-11D3-BF4B-00C04F79EFBC}") = "Middleware.Wm.Shipment", "Middleware.Wm.Shipment\Middleware.Wm.Shipment.csproj", "{B4C7E72D-CDB6-4FEA-ABDF-3564A588A762}"
EndProject
Project("{FAE04EC0-301F-11D3-BF4B-00C04F79EFBC}") = "Middleware.Wm.ShipmentCancellationEmail", "Middleware.Wm.ShipmentCancellationEmail\Middleware.Wm.ShipmentCancellationEmail.csproj", "{FED3ABD9-CB01-426A-B4DE-F9A59B296841}"
EndProject
Project("{FAE04EC0-301F-11D3-BF4B-00C04F79EFBC}") = "Middleware.Wm.StlInventoryUpdate", "Middleware.Wm.StlInventoryUpdate\Middleware.Wm.StlInventoryUpdate.csproj", "{0FAC9C07-F2EB-4118-BED1-D2C7E786BE20}"
EndProject
Project("{FAE04EC0-301F-11D3-BF4B-00C04F79EFBC}") = "Middleware.Wm.TransferControl", "Middleware.Wm.TransferControl\Middleware.Wm.TransferControl.csproj", "{F788DD6F-2DF7-45BA-950A-EC5CBC5731D8}"
EndProject
Project("{FAE04EC0-301F-11D3-BF4B-00C04F79EFBC}") = "Middleware.Wm.TransferControl.Tests", "Middleware.Wm.TransferControl.Tests\Middleware.Wm.TransferControl.Tests.csproj", "{F1D97E59-C5C6-4C9F-B83D-30800B159890}"
EndProject
Project("{2150E333-8FDC-42A3-9474-1A3956D46DE8}") = "WarehouseManagement", "WarehouseManagement", "{505F6D40-8F67-442F-B87C-6F321C542B6F}"
EndProject
Project("{2150E333-8FDC-42A3-9474-1A3956D46DE8}") = "WmTransactions", "WmTransactions", "{ED27989D-27C6-47AD-A374-A2722C9B2EDC}"
EndProject
Project("{2150E333-8FDC-42A3-9474-1A3956D46DE8}") = "NBXWeb", "NBXWeb", "{7E28CEE8-1482-49B6-B994-68CF94832193}"
EndProject
Project("{2150E333-8FDC-42A3-9474-1A3956D46DE8}") = "Tests", "Tests", "{F06B1E30-1E95-4DDD-8190-2138AF6E7ACE}"
EndProject
Project("{2150E333-8FDC-42A3-9474-1A3956D46DE8}") = ".build", ".build", "{CC04F3F8-C848-442F-AD28-C55B34DF1A77}"
	ProjectSection(SolutionItems) = preProject
		.build\Deploy.Dev.proj = .build\Deploy.Dev.proj
		.build\Interop.COMAdmin.dll = .build\Interop.COMAdmin.dll
		.build\Interop.IWshRuntimeLibrary.dll = .build\Interop.IWshRuntimeLibrary.dll
		.build\Ionic.Zip.dll = .build\Ionic.Zip.dll
		.build\MSBuild.Community.Tasks.dll = .build\MSBuild.Community.Tasks.dll
		.build\MSBuild.Community.Tasks.targets = .build\MSBuild.Community.Tasks.targets
		.build\MSBuild.Extension.Pack.targets = .build\MSBuild.Extension.Pack.targets
		.build\MSBuild.ExtensionPack.BizTalk.dll = .build\MSBuild.ExtensionPack.BizTalk.dll
		.build\MSBuild.ExtensionPack.Crm.dll = .build\MSBuild.ExtensionPack.Crm.dll
		.build\MSBuild.ExtensionPack.dll = .build\MSBuild.ExtensionPack.dll
		.build\MSBuild.ExtensionPack.dll.config = .build\MSBuild.ExtensionPack.dll.config
		.build\MSBuild.ExtensionPack.Git.dll = .build\MSBuild.ExtensionPack.Git.dll
		.build\MSBuild.ExtensionPack.Iis7.dll = .build\MSBuild.ExtensionPack.Iis7.dll
		.build\MSBuild.ExtensionPack.Loggers.dll = .build\MSBuild.ExtensionPack.Loggers.dll
		.build\MSBuild.ExtensionPack.Sql2008.dll = .build\MSBuild.ExtensionPack.Sql2008.dll
		.build\MSBuild.ExtensionPack.Sql2012.dll = .build\MSBuild.ExtensionPack.Sql2012.dll
		.build\MSBuild.ExtensionPack.Sql2014.dll = .build\MSBuild.ExtensionPack.Sql2014.dll
		.build\MSBuild.ExtensionPack.StyleCop.dll = .build\MSBuild.ExtensionPack.StyleCop.dll
		.build\MSBuild.ExtensionPack.TaskFactory.Dlr.dll = .build\MSBuild.ExtensionPack.TaskFactory.Dlr.dll
		.build\MSBuild.ExtensionPack.TaskFactory.PowerShell.dll = .build\MSBuild.ExtensionPack.TaskFactory.PowerShell.dll
		.build\MSBuild.ExtensionPack.Tfs2012.dll = .build\MSBuild.ExtensionPack.Tfs2012.dll
		.build\MSBuild.ExtensionPack.Tfs2013.dll = .build\MSBuild.ExtensionPack.Tfs2013.dll
		.build\MSBuild.ExtensionPack.VersionNumber.targets = .build\MSBuild.ExtensionPack.VersionNumber.targets
		.build\Package.proj = .build\Package.proj
	EndProjectSection
EndProject
Project("{2150E333-8FDC-42A3-9474-1A3956D46DE8}") = "Jobs", "Jobs", "{3BF9FB2B-6BF1-443D-93CD-6B2983FA379D}"
EndProject
Project("{2150E333-8FDC-42A3-9474-1A3956D46DE8}") = "Service", "Service", "{127F7E21-F802-4AAF-9889-00F56FDEC251}"
EndProject
Project("{FAE04EC0-301F-11D3-BF4B-00C04F79EFBC}") = "Middleware.Wm.Service.Inventory", "Middleware.Wm.Service.Inventory\Middleware.Wm.Service.Inventory.csproj", "{1D71F0CE-31DE-4893-9172-E03864C90299}"
EndProject
Project("{FAE04EC0-301F-11D3-BF4B-00C04F79EFBC}") = "Middleware.Wm.Service.Inventory.Tests", "Middleware.Wm.Service.Inventory.Tests\Middleware.Wm.Service.Inventory.Tests.csproj", "{ADFED5AF-A153-4203-A406-3405C5B65DBB}"
EndProject
Project("{FAE04EC0-301F-11D3-BF4B-00C04F79EFBC}") = "Middleware.Wm.Service.Inventory.Build.Documentation", "Middleware.Wm.Service.Inventory.Build.Documentation\Middleware.Wm.Service.Inventory.Build.Documentation.csproj", "{7DDF1804-A1E6-45DF-BB95-8A85C333358F}"
EndProject
Project("{2150E333-8FDC-42A3-9474-1A3956D46DE8}") = "SwaggerDocuments", "SwaggerDocuments", "{F51C9E20-8B88-41E6-B995-67F2F8E771F7}"
	ProjectSection(SolutionItems) = preProject
		InventoryService.json = InventoryService.json
		Oms.Riba.json = Oms.Riba.json
		Oms.Swagger.json = Oms.Swagger.json
	EndProjectSection
EndProject
Project("{2150E333-8FDC-42A3-9474-1A3956D46DE8}") = "r1", "r1", "{4703AF0C-6196-4C05-83C8-0A1F88A07094}"
	ProjectSection(SolutionItems) = preProject
		Middleware.Database.Scripts\NBXWEB\r1\dbo.BnC_Inventory_Cache.Table.sql = Middleware.Database.Scripts\NBXWEB\r1\dbo.BnC_Inventory_Cache.Table.sql
		Middleware.Database.Scripts\NBXWEB\r1\dbo.Cadre_DropShipConfirmation_Detail.Table.sql = Middleware.Database.Scripts\NBXWEB\r1\dbo.Cadre_DropShipConfirmation_Detail.Table.sql
		Middleware.Database.Scripts\NBXWEB\r1\dbo.Cadre_DropShipConfirmation_Header.Table.sql = Middleware.Database.Scripts\NBXWEB\r1\dbo.Cadre_DropShipConfirmation_Header.Table.sql
		Middleware.Database.Scripts\NBXWEB\r1\dbo.GP_header.Table.sql = Middleware.Database.Scripts\NBXWEB\r1\dbo.GP_header.Table.sql
		Middleware.Database.Scripts\NBXWEB\r1\dbo.GP_line_items.Table.sql = Middleware.Database.Scripts\NBXWEB\r1\dbo.GP_line_items.Table.sql
		Middleware.Database.Scripts\NBXWEB\r1\dbo.Integrations_Inventory_Adjustment.Table.sql = Middleware.Database.Scripts\NBXWEB\r1\dbo.Integrations_Inventory_Adjustment.Table.sql
		Middleware.Database.Scripts\NBXWEB\r1\dbo.InterfaceShipmentConfirmationDetail.Table.sql = Middleware.Database.Scripts\NBXWEB\r1\dbo.InterfaceShipmentConfirmationDetail.Table.sql
		Middleware.Database.Scripts\NBXWEB\r1\dbo.InterfaceShipmentConfirmationHeader.Table.sql = Middleware.Database.Scripts\NBXWEB\r1\dbo.InterfaceShipmentConfirmationHeader.Table.sql
		Middleware.Database.Scripts\NBXWEB\r1\dbo.Kiosk_Orderheader.Table.sql = Middleware.Database.Scripts\NBXWEB\r1\dbo.Kiosk_Orderheader.Table.sql
		Middleware.Database.Scripts\NBXWEB\r1\dbo.Kiosk_OrderLineItems.Table.sql = Middleware.Database.Scripts\NBXWEB\r1\dbo.Kiosk_OrderLineItems.Table.sql
		Middleware.Database.Scripts\NBXWEB\r1\dbo.Kiosk_ParsedShipConfirmation_Detail.Table.sql = Middleware.Database.Scripts\NBXWEB\r1\dbo.Kiosk_ParsedShipConfirmation_Detail.Table.sql
		Middleware.Database.Scripts\NBXWEB\r1\dbo.Kiosk_ParsedShipConfirmation_Header.Table.sql = Middleware.Database.Scripts\NBXWEB\r1\dbo.Kiosk_ParsedShipConfirmation_Header.Table.sql
		Middleware.Database.Scripts\NBXWEB\r1\dbo.Kiosk_ShipmentConfirmationDetail.Table.sql = Middleware.Database.Scripts\NBXWEB\r1\dbo.Kiosk_ShipmentConfirmationDetail.Table.sql
		Middleware.Database.Scripts\NBXWEB\r1\dbo.Kiosk_ShipmentConfirmationHeader.Table.sql = Middleware.Database.Scripts\NBXWEB\r1\dbo.Kiosk_ShipmentConfirmationHeader.Table.sql
		Middleware.Database.Scripts\NBXWEB\r1\dbo.NBWE_Inventory_Cache.Table.sql = Middleware.Database.Scripts\NBXWEB\r1\dbo.NBWE_Inventory_Cache.Table.sql
		Middleware.Database.Scripts\NBXWEB\r1\dbo.OrderNumberTable.UserDefinedTableType.sql = Middleware.Database.Scripts\NBXWEB\r1\dbo.OrderNumberTable.UserDefinedTableType.sql
		Middleware.Database.Scripts\NBXWEB\r1\dbo.OverrideShipmentNote.Table.sql = Middleware.Database.Scripts\NBXWEB\r1\dbo.OverrideShipmentNote.Table.sql
		Middleware.Database.Scripts\NBXWEB\r1\dbo.PODetail_Interface.Table.sql = Middleware.Database.Scripts\NBXWEB\r1\dbo.PODetail_Interface.Table.sql
		Middleware.Database.Scripts\NBXWEB\r1\dbo.POHeader_Interface.Table.sql = Middleware.Database.Scripts\NBXWEB\r1\dbo.POHeader_Interface.Table.sql
		Middleware.Database.Scripts\NBXWEB\r1\dbo.POReceiptDetail.Table.sql = Middleware.Database.Scripts\NBXWEB\r1\dbo.POReceiptDetail.Table.sql
		Middleware.Database.Scripts\NBXWEB\r1\dbo.POReceiptDetail_LineItem.Table.sql = Middleware.Database.Scripts\NBXWEB\r1\dbo.POReceiptDetail_LineItem.Table.sql
		Middleware.Database.Scripts\NBXWEB\r1\dbo.POReceiptHeader.Table.sql = Middleware.Database.Scripts\NBXWEB\r1\dbo.POReceiptHeader.Table.sql
		Middleware.Database.Scripts\NBXWEB\r1\dbo.PurchaseOrderTable.UserDefinedTableType.sql = Middleware.Database.Scripts\NBXWEB\r1\dbo.PurchaseOrderTable.UserDefinedTableType.sql
		Middleware.Database.Scripts\NBXWEB\r1\dbo.ReturnReasonFromROWProcessing.Table.sql = Middleware.Database.Scripts\NBXWEB\r1\dbo.ReturnReasonFromROWProcessing.Table.sql
		Middleware.Database.Scripts\NBXWEB\r1\dbo.ROW_Login.Table.sql = Middleware.Database.Scripts\NBXWEB\r1\dbo.ROW_Login.Table.sql
		Middleware.Database.Scripts\NBXWEB\r1\dbo.ROW_Notes.Table.sql = Middleware.Database.Scripts\NBXWEB\r1\dbo.ROW_Notes.Table.sql
		Middleware.Database.Scripts\NBXWEB\r1\dbo.ROW_Return.Table.sql = Middleware.Database.Scripts\NBXWEB\r1\dbo.ROW_Return.Table.sql
		Middleware.Database.Scripts\NBXWEB\r1\dbo.ShipConfirmation_Detail.Table.sql = Middleware.Database.Scripts\NBXWEB\r1\dbo.ShipConfirmation_Detail.Table.sql
		Middleware.Database.Scripts\NBXWEB\r1\dbo.ShipConfirmation_Detail_Archive.Table.sql = Middleware.Database.Scripts\NBXWEB\r1\dbo.ShipConfirmation_Detail_Archive.Table.sql
		Middleware.Database.Scripts\NBXWEB\r1\dbo.ShipConfirmation_Detailtest.Table.sql = Middleware.Database.Scripts\NBXWEB\r1\dbo.ShipConfirmation_Detailtest.Table.sql
		Middleware.Database.Scripts\NBXWEB\r1\dbo.ShipConfirmation_Header.Table.sql = Middleware.Database.Scripts\NBXWEB\r1\dbo.ShipConfirmation_Header.Table.sql
		Middleware.Database.Scripts\NBXWEB\r1\dbo.ShipConfirmation_Header_Archive.Table.sql = Middleware.Database.Scripts\NBXWEB\r1\dbo.ShipConfirmation_Header_Archive.Table.sql
		Middleware.Database.Scripts\NBXWEB\r1\dbo.ShipConfirmation_Headertest.Table.sql = Middleware.Database.Scripts\NBXWEB\r1\dbo.ShipConfirmation_Headertest.Table.sql
		Middleware.Database.Scripts\NBXWEB\r1\dbo.ShippingNotificationTable.UserDefinedTableType.sql = Middleware.Database.Scripts\NBXWEB\r1\dbo.ShippingNotificationTable.UserDefinedTableType.sql
		Middleware.Database.Scripts\NBXWEB\r1\dbo.sp_GetAccessoryItemMaster.StoredProcedure.sql = Middleware.Database.Scripts\NBXWEB\r1\dbo.sp_GetAccessoryItemMaster.StoredProcedure.sql
		Middleware.Database.Scripts\NBXWEB\r1\dbo.sp_GetCompanyFromOrderNumber.StoredProcedure.sql = Middleware.Database.Scripts\NBXWEB\r1\dbo.sp_GetCompanyFromOrderNumber.StoredProcedure.sql
		Middleware.Database.Scripts\NBXWEB\r1\dbo.sp_GetNewOrders.StoredProcedure.sql = Middleware.Database.Scripts\NBXWEB\r1\dbo.sp_GetNewOrders.StoredProcedure.sql
		Middleware.Database.Scripts\NBXWEB\r1\dbo.sp_GetNewPurchaseOrders.StoredProcedure.sql = Middleware.Database.Scripts\NBXWEB\r1\dbo.sp_GetNewPurchaseOrders.StoredProcedure.sql
		Middleware.Database.Scripts\NBXWEB\r1\dbo.sp_GetNewReturns.StoredProcedure.sql = Middleware.Database.Scripts\NBXWEB\r1\dbo.sp_GetNewReturns.StoredProcedure.sql
		Middleware.Database.Scripts\NBXWEB\r1\dbo.sp_GetNewShippingNotifications.StoredProcedure.sql = Middleware.Database.Scripts\NBXWEB\r1\dbo.sp_GetNewShippingNotifications.StoredProcedure.sql
		Middleware.Database.Scripts\NBXWEB\r1\dbo.sp_GetReturnReasonsFromROW.StoredProcedure.sql = Middleware.Database.Scripts\NBXWEB\r1\dbo.sp_GetReturnReasonsFromROW.StoredProcedure.sql
		Middleware.Database.Scripts\NBXWEB\r1\dbo.sp_InsertReturnReasonFromROWProcessing.StoredProcedure.sql = Middleware.Database.Scripts\NBXWEB\r1\dbo.sp_InsertReturnReasonFromROWProcessing.StoredProcedure.sql
		Middleware.Database.Scripts\NBXWEB\r1\dbo.sp_PopulateAsnItems.StoredProcedure.sql = Middleware.Database.Scripts\NBXWEB\r1\dbo.sp_PopulateAsnItems.StoredProcedure.sql
		Middleware.Database.Scripts\NBXWEB\r1\dbo.sp_PopulatePoItems.StoredProcedure.sql = Middleware.Database.Scripts\NBXWEB\r1\dbo.sp_PopulatePoItems.StoredProcedure.sql
		Middleware.Database.Scripts\NBXWEB\r1\dbo.sp_RefreshCache.StoredProcedure.sql = Middleware.Database.Scripts\NBXWEB\r1\dbo.sp_RefreshCache.StoredProcedure.sql
		Middleware.Database.Scripts\NBXWEB\r1\dbo.sp_TestAsns.StoredProcedure.sql = Middleware.Database.Scripts\NBXWEB\r1\dbo.sp_TestAsns.StoredProcedure.sql
		Middleware.Database.Scripts\NBXWEB\r1\dbo.sp_TestOrders.StoredProcedure.sql = Middleware.Database.Scripts\NBXWEB\r1\dbo.sp_TestOrders.StoredProcedure.sql
		Middleware.Database.Scripts\NBXWEB\r1\dbo.sp_TestPOs.StoredProcedure.sql = Middleware.Database.Scripts\NBXWEB\r1\dbo.sp_TestPOs.StoredProcedure.sql
		Middleware.Database.Scripts\NBXWEB\r1\dbo.sp_UpdateOrderStatus.StoredProcedure.sql = Middleware.Database.Scripts\NBXWEB\r1\dbo.sp_UpdateOrderStatus.StoredProcedure.sql
		Middleware.Database.Scripts\NBXWEB\r1\dbo.sp_UpdatePurchaseOrderStatus.StoredProcedure.sql = Middleware.Database.Scripts\NBXWEB\r1\dbo.sp_UpdatePurchaseOrderStatus.StoredProcedure.sql
		Middleware.Database.Scripts\NBXWEB\r1\dbo.sp_UpdateShippingNotificationStatus.StoredProcedure.sql = Middleware.Database.Scripts\NBXWEB\r1\dbo.sp_UpdateShippingNotificationStatus.StoredProcedure.sql
		Middleware.Database.Scripts\NBXWEB\r1\dbo.TempMock_v_ReturnReasonsfromROW.Table.sql = Middleware.Database.Scripts\NBXWEB\r1\dbo.TempMock_v_ReturnReasonsfromROW.Table.sql
		Middleware.Database.Scripts\NBXWEB\r1\dbo.tstPOP10100.Table.sql = Middleware.Database.Scripts\NBXWEB\r1\dbo.tstPOP10100.Table.sql
		Middleware.Database.Scripts\NBXWEB\r1\dbo.usp_GetBNCOrders.StoredProcedure.sql = Middleware.Database.Scripts\NBXWEB\r1\dbo.usp_GetBNCOrders.StoredProcedure.sql
		Middleware.Database.Scripts\NBXWEB\r1\dbo.usp_InsertShipmentConfirmation.StoredProcedure.sql = Middleware.Database.Scripts\NBXWEB\r1\dbo.usp_InsertShipmentConfirmation.StoredProcedure.sql
		Middleware.Database.Scripts\NBXWEB\r1\dbo.v_ReturnReasonsfromROW.View.sql = Middleware.Database.Scripts\NBXWEB\r1\dbo.v_ReturnReasonsfromROW.View.sql
	EndProjectSection
EndProject
Project("{2150E333-8FDC-42A3-9474-1A3956D46DE8}") = "r1", "r1", "{99B1DC9D-35BC-4B00-A2FE-87B9DC0FE560}"
	ProjectSection(SolutionItems) = preProject
		Middleware.Database.Scripts\WarehouseManagement\r1\dbo.CarrierServiceCodes.Table.sql = Middleware.Database.Scripts\WarehouseManagement\r1\dbo.CarrierServiceCodes.Table.sql
		Middleware.Database.Scripts\WarehouseManagement\r1\dbo.ConfigurationItem.Table.sql = Middleware.Database.Scripts\WarehouseManagement\r1\dbo.ConfigurationItem.Table.sql
		Middleware.Database.Scripts\WarehouseManagement\r1\dbo.CountryCodes.Table.sql = Middleware.Database.Scripts\WarehouseManagement\r1\dbo.CountryCodes.Table.sql
		Middleware.Database.Scripts\WarehouseManagement\r1\dbo.Environment.Table.sql = Middleware.Database.Scripts\WarehouseManagement\r1\dbo.Environment.Table.sql
		Middleware.Database.Scripts\WarehouseManagement\r1\dbo.GeneralLedgerTransactionReasonCodeMap.Table.sql = Middleware.Database.Scripts\WarehouseManagement\r1\dbo.GeneralLedgerTransactionReasonCodeMap.Table.sql
		Middleware.Database.Scripts\WarehouseManagement\r1\dbo.GetIntegrationTaskEndpoint.StoredProcedure.sql = Middleware.Database.Scripts\WarehouseManagement\r1\dbo.GetIntegrationTaskEndpoint.StoredProcedure.sql
		Middleware.Database.Scripts\WarehouseManagement\r1\dbo.Identity.Table.sql = Middleware.Database.Scripts\WarehouseManagement\r1\dbo.Identity.Table.sql
		Middleware.Database.Scripts\WarehouseManagement\r1\dbo.Job.Table.sql = Middleware.Database.Scripts\WarehouseManagement\r1\dbo.Job.Table.sql
		Middleware.Database.Scripts\WarehouseManagement\r1\dbo.JobHistory.Table.sqltxt = Middleware.Database.Scripts\WarehouseManagement\r1\dbo.JobHistory.Table.sqltxt
		Middleware.Database.Scripts\WarehouseManagement\r1\dbo.Log.Table.sql.txt = Middleware.Database.Scripts\WarehouseManagement\r1\dbo.Log.Table.sql.txt
		Middleware.Database.Scripts\WarehouseManagement\r1\dbo.LoggingAndFileMaintenance.Table.sql.txt = Middleware.Database.Scripts\WarehouseManagement\r1\dbo.LoggingAndFileMaintenance.Table.sql.txt
		Middleware.Database.Scripts\WarehouseManagement\r1\dbo.ShipmentCancellationEmailDistribution.Table.sql = Middleware.Database.Scripts\WarehouseManagement\r1\dbo.ShipmentCancellationEmailDistribution.Table.sql
		Middleware.Database.Scripts\WarehouseManagement\r1\dbo.SKUTableType.UserDefinedTableType.sql = Middleware.Database.Scripts\WarehouseManagement\r1\dbo.SKUTableType.UserDefinedTableType.sql
		Middleware.Database.Scripts\WarehouseManagement\r1\dbo.sp_GetBatchControlNumber.StoredProcedure.sql = Middleware.Database.Scripts\WarehouseManagement\r1\dbo.sp_GetBatchControlNumber.StoredProcedure.sql
		Middleware.Database.Scripts\WarehouseManagement\r1\dbo.sp_GetGeneralLedgerTransactionReasonCodeMap.StoredProcedure.sql = Middleware.Database.Scripts\WarehouseManagement\r1\dbo.sp_GetGeneralLedgerTransactionReasonCodeMap.StoredProcedure.sql
		Middleware.Database.Scripts\WarehouseManagement\r1\dbo.sp_GetIntegrationTask.StoredProcedure.sql = Middleware.Database.Scripts\WarehouseManagement\r1\dbo.sp_GetIntegrationTask.StoredProcedure.sql
		Middleware.Database.Scripts\WarehouseManagement\r1\dbo.sp_GetIntegrationTaskEndpoint.StoredProcedure.sql = Middleware.Database.Scripts\WarehouseManagement\r1\dbo.sp_GetIntegrationTaskEndpoint.StoredProcedure.sql
		Middleware.Database.Scripts\WarehouseManagement\r1\dbo.sp_GetShipmentCancellationEmailDistribution.StoredProcedure.sql = Middleware.Database.Scripts\WarehouseManagement\r1\dbo.sp_GetShipmentCancellationEmailDistribution.StoredProcedure.sql
		Middleware.Database.Scripts\WarehouseManagement\r1\dbo.sp_GetSpecialInstructions.StoredProcedure.sql = Middleware.Database.Scripts\WarehouseManagement\r1\dbo.sp_GetSpecialInstructions.StoredProcedure.sql
		Middleware.Database.Scripts\WarehouseManagement\r1\dbo.SpecialInstruction.Table.sql = Middleware.Database.Scripts\WarehouseManagement\r1\dbo.SpecialInstruction.Table.sql
		Middleware.Database.Scripts\WarehouseManagement\r1\dbo.SpecialInstructionSKU.Table.sql = Middleware.Database.Scripts\WarehouseManagement\r1\dbo.SpecialInstructionSKU.Table.sql
		Middleware.Database.Scripts\WarehouseManagement\r1\dbo.TransferControl.Table.sql = Middleware.Database.Scripts\WarehouseManagement\r1\dbo.TransferControl.Table.sql
		Middleware.Database.Scripts\WarehouseManagement\r1\dbo.TransferControlFile.Table.sql = Middleware.Database.Scripts\WarehouseManagement\r1\dbo.TransferControlFile.Table.sql
		Middleware.Database.Scripts\WarehouseManagement\r1\dbo.TransferControlFileType.Table.sql = Middleware.Database.Scripts\WarehouseManagement\r1\dbo.TransferControlFileType.Table.sql
	EndProjectSection
EndProject
Project("{2150E333-8FDC-42A3-9474-1A3956D46DE8}") = "r1", "r1", "{83FCF242-B3CD-40D6-BE3F-070880DCCBC4}"
	ProjectSection(SolutionItems) = preProject
		Middleware.Database.Scripts\WmTransactions\r1\dbo.AuroraPickTicketDetail.Table.sql = Middleware.Database.Scripts\WmTransactions\r1\dbo.AuroraPickTicketDetail.Table.sql
		Middleware.Database.Scripts\WmTransactions\r1\dbo.AuroraPickTicketHeader.Table.sql = Middleware.Database.Scripts\WmTransactions\r1\dbo.AuroraPickTicketHeader.Table.sql
		Middleware.Database.Scripts\WmTransactions\r1\dbo.AuroraPickTicketInstruction.Table.sql = Middleware.Database.Scripts\WmTransactions\r1\dbo.AuroraPickTicketInstruction.Table.sql
		Middleware.Database.Scripts\WmTransactions\r1\dbo.ECommSize.UserDefinedFunction.sql = Middleware.Database.Scripts\WmTransactions\r1\dbo.ECommSize.UserDefinedFunction.sql
		Middleware.Database.Scripts\WmTransactions\r1\dbo.InventoryPixProcessing.Table.sql = Middleware.Database.Scripts\WmTransactions\r1\dbo.InventoryPixProcessing.Table.sql
		Middleware.Database.Scripts\WmTransactions\r1\dbo.InventoryPixProcessingTable.UserDefinedTableType.sql = Middleware.Database.Scripts\WmTransactions\r1\dbo.InventoryPixProcessingTable.UserDefinedTableType.sql
		Middleware.Database.Scripts\WmTransactions\r1\dbo.InventoryShipmentProcessing.Table.sql = Middleware.Database.Scripts\WmTransactions\r1\dbo.InventoryShipmentProcessing.Table.sql
		Middleware.Database.Scripts\WmTransactions\r1\dbo.InventoryShipmentProcessingTable.UserDefinedTableType.sql = Middleware.Database.Scripts\WmTransactions\r1\dbo.InventoryShipmentProcessingTable.UserDefinedTableType.sql
		Middleware.Database.Scripts\WmTransactions\r1\dbo.InventorySyncProcessing.Table.sql = Middleware.Database.Scripts\WmTransactions\r1\dbo.InventorySyncProcessing.Table.sql
		Middleware.Database.Scripts\WmTransactions\r1\dbo.KioskOrderDetailExport.Table.sql = Middleware.Database.Scripts\WmTransactions\r1\dbo.KioskOrderDetailExport.Table.sql
		Middleware.Database.Scripts\WmTransactions\r1\dbo.KioskOrderExport.Table.sql = Middleware.Database.Scripts\WmTransactions\r1\dbo.KioskOrderExport.Table.sql
		Middleware.Database.Scripts\WmTransactions\r1\dbo.KioskOrderExportProcessing.Table.sql = Middleware.Database.Scripts\WmTransactions\r1\dbo.KioskOrderExportProcessing.Table.sql
		Middleware.Database.Scripts\WmTransactions\r1\dbo.ManhattanConditionCode.Table.sql = Middleware.Database.Scripts\WmTransactions\r1\dbo.ManhattanConditionCode.Table.sql
		dbo.ManhattanDateTimeStamp.UserDefinedFunction.sql = dbo.ManhattanDateTimeStamp.UserDefinedFunction.sql
		Middleware.Database.Scripts\WmTransactions\r1\dbo.ManhattanInventorySync.Table.sql = Middleware.Database.Scripts\WmTransactions\r1\dbo.ManhattanInventorySync.Table.sql
		Middleware.Database.Scripts\WmTransactions\r1\dbo.ManhattanPerpetualInventoryTransfer.Table.sql = Middleware.Database.Scripts\WmTransactions\r1\dbo.ManhattanPerpetualInventoryTransfer.Table.sql
		Middleware.Database.Scripts\WmTransactions\r1\dbo.ManhattanPerpetualInventoryTransferGeneralLedgerProcessing.Table.sql = Middleware.Database.Scripts\WmTransactions\r1\dbo.ManhattanPerpetualInventoryTransferGeneralLedgerProcessing.Table.sql
		Middleware.Database.Scripts\WmTransactions\r1\dbo.ManhattanPerpetualInventoryTransferProcessing.Table.sql = Middleware.Database.Scripts\WmTransactions\r1\dbo.ManhattanPerpetualInventoryTransferProcessing.Table.sql
		Middleware.Database.Scripts\WmTransactions\r1\dbo.ManhattanShipmentBncGlProcessing.Table.sql = Middleware.Database.Scripts\WmTransactions\r1\dbo.ManhattanShipmentBncGlProcessing.Table.sql
		Middleware.Database.Scripts\WmTransactions\r1\dbo.ManhattanShipmentBncProcessing.Table.sql = Middleware.Database.Scripts\WmTransactions\r1\dbo.ManhattanShipmentBncProcessing.Table.sql
		Middleware.Database.Scripts\WmTransactions\r1\dbo.ManhattanShipmentCartonDetail.Table.sql = Middleware.Database.Scripts\WmTransactions\r1\dbo.ManhattanShipmentCartonDetail.Table.sql
		Middleware.Database.Scripts\WmTransactions\r1\dbo.ManhattanShipmentCartonHeader.Table.sql = Middleware.Database.Scripts\WmTransactions\r1\dbo.ManhattanShipmentCartonHeader.Table.sql
		Middleware.Database.Scripts\WmTransactions\r1\dbo.ManhattanShipmentHeader.Table.sql = Middleware.Database.Scripts\WmTransactions\r1\dbo.ManhattanShipmentHeader.Table.sql
		Middleware.Database.Scripts\WmTransactions\r1\dbo.ManhattanShipmentLineItem.Table.sql = Middleware.Database.Scripts\WmTransactions\r1\dbo.ManhattanShipmentLineItem.Table.sql
		Middleware.Database.Scripts\WmTransactions\r1\dbo.ManhattanShipmentLineItemCancellationProcessing.Table.sql = Middleware.Database.Scripts\WmTransactions\r1\dbo.ManhattanShipmentLineItemCancellationProcessing.Table.sql
		Middleware.Database.Scripts\WmTransactions\r1\dbo.OrderNumberTable.UserDefinedTableType.sql = Middleware.Database.Scripts\WmTransactions\r1\dbo.OrderNumberTable.UserDefinedTableType.sql
		Middleware.Database.Scripts\WmTransactions\r1\dbo.PickTicketConfirmationOrderProcessing.Table.sql = Middleware.Database.Scripts\WmTransactions\r1\dbo.PickTicketConfirmationOrderProcessing.Table.sql
		Middleware.Database.Scripts\WmTransactions\r1\dbo.sp_AuditStlInventory_Sync.StoredProcedure.sql = Middleware.Database.Scripts\WmTransactions\r1\dbo.sp_AuditStlInventory_Sync.StoredProcedure.sql
		Middleware.Database.Scripts\WmTransactions\r1\dbo.sp_FindManhattanInventorySync.StoredProcedure.sql = Middleware.Database.Scripts\WmTransactions\r1\dbo.sp_FindManhattanInventorySync.StoredProcedure.sql
		Middleware.Database.Scripts\WmTransactions\r1\dbo.sp_FindManhattanPerpetualInventoryTransfers.StoredProcedure.sql = Middleware.Database.Scripts\WmTransactions\r1\dbo.sp_FindManhattanPerpetualInventoryTransfers.StoredProcedure.sql
		Middleware.Database.Scripts\WmTransactions\r1\dbo.sp_FindManhattanPerpetualInventoryTransfers2.StoredProcedure.sql = Middleware.Database.Scripts\WmTransactions\r1\dbo.sp_FindManhattanPerpetualInventoryTransfers2.StoredProcedure.sql
		Middleware.Database.Scripts\WmTransactions\r1\dbo.sp_FindManhattanShipmentHeader.StoredProcedure.sql = Middleware.Database.Scripts\WmTransactions\r1\dbo.sp_FindManhattanShipmentHeader.StoredProcedure.sql
		Middleware.Database.Scripts\WmTransactions\r1\dbo.sp_FindManhattanShipmentLineItems.StoredProcedure.sql = Middleware.Database.Scripts\WmTransactions\r1\dbo.sp_FindManhattanShipmentLineItems.StoredProcedure.sql
		Middleware.Database.Scripts\WmTransactions\r1\dbo.sp_GetCancellationsForEmailNotification.StoredProcedure.sql = Middleware.Database.Scripts\WmTransactions\r1\dbo.sp_GetCancellationsForEmailNotification.StoredProcedure.sql
		Middleware.Database.Scripts\WmTransactions\r1\dbo.sp_GetCompanyFromOrderNumber.StoredProcedure.sql = Middleware.Database.Scripts\WmTransactions\r1\dbo.sp_GetCompanyFromOrderNumber.StoredProcedure.sql
		Middleware.Database.Scripts\WmTransactions\r1\dbo.sp_GetManhattanShipmentCartonDetails.StoredProcedure.sql = Middleware.Database.Scripts\WmTransactions\r1\dbo.sp_GetManhattanShipmentCartonDetails.StoredProcedure.sql
		Middleware.Database.Scripts\WmTransactions\r1\dbo.sp_GetManhattanShipmentCartonHeader.StoredProcedure.sql = Middleware.Database.Scripts\WmTransactions\r1\dbo.sp_GetManhattanShipmentCartonHeader.StoredProcedure.sql
		Middleware.Database.Scripts\WmTransactions\r1\dbo.sp_GetManhattanShipmentLineItem.StoredProcedure.sql = Middleware.Database.Scripts\WmTransactions\r1\dbo.sp_GetManhattanShipmentLineItem.StoredProcedure.sql
		Middleware.Database.Scripts\WmTransactions\r1\dbo.sp_InsertInventoryPixProcessing.StoredProcedure.sql = Middleware.Database.Scripts\WmTransactions\r1\dbo.sp_InsertInventoryPixProcessing.StoredProcedure.sql
		Middleware.Database.Scripts\WmTransactions\r1\dbo.sp_InsertInventoryShipmentProcessing.StoredProcedure.sql = Middleware.Database.Scripts\WmTransactions\r1\dbo.sp_InsertInventoryShipmentProcessing.StoredProcedure.sql
		Middleware.Database.Scripts\WmTransactions\r1\dbo.sp_InsertInventorySyncProcessing.StoredProcedure.sql = Middleware.Database.Scripts\WmTransactions\r1\dbo.sp_InsertInventorySyncProcessing.StoredProcedure.sql
		Middleware.Database.Scripts\WmTransactions\r1\dbo.sp_UpdateShipmentEmailStatus.StoredProcedure.sql = Middleware.Database.Scripts\WmTransactions\r1\dbo.sp_UpdateShipmentEmailStatus.StoredProcedure.sql
		Middleware.Database.Scripts\WmTransactions\r1\dbo.sp_UpdateSTLInventory.StoredProcedure.sql = Middleware.Database.Scripts\WmTransactions\r1\dbo.sp_UpdateSTLInventory.StoredProcedure.sql
		Middleware.Database.Scripts\WmTransactions\r1\dbo.STLInventory.Table.sql = Middleware.Database.Scripts\WmTransactions\r1\dbo.STLInventory.Table.sql
		Middleware.Database.Scripts\WmTransactions\r1\dbo.STLInventory_Latest.View.sql = Middleware.Database.Scripts\WmTransactions\r1\dbo.STLInventory_Latest.View.sql
		Middleware.Database.Scripts\WmTransactions\r1\dbo.StlInventoryUpdateTable.UserDefinedTableType.sql = Middleware.Database.Scripts\WmTransactions\r1\dbo.StlInventoryUpdateTable.UserDefinedTableType.sql
	EndProjectSection
EndProject
Global
	GlobalSection(SolutionConfigurationPlatforms) = preSolution
		Debug|Any CPU = Debug|Any CPU
		Dev|Any CPU = Dev|Any CPU
		Release|Any CPU = Release|Any CPU
	EndGlobalSection
	GlobalSection(ProjectConfigurationPlatforms) = postSolution
		{CD0375D8-CFD0-4EA4-A7C7-2492CD9C5660}.Debug|Any CPU.ActiveCfg = Debug|Any CPU
		{CD0375D8-CFD0-4EA4-A7C7-2492CD9C5660}.Debug|Any CPU.Build.0 = Debug|Any CPU
		{CD0375D8-CFD0-4EA4-A7C7-2492CD9C5660}.Dev|Any CPU.ActiveCfg = Dev|Any CPU
		{CD0375D8-CFD0-4EA4-A7C7-2492CD9C5660}.Dev|Any CPU.Build.0 = Dev|Any CPU
		{CD0375D8-CFD0-4EA4-A7C7-2492CD9C5660}.Release|Any CPU.ActiveCfg = Release|Any CPU
		{CD0375D8-CFD0-4EA4-A7C7-2492CD9C5660}.Release|Any CPU.Build.0 = Release|Any CPU
		{C728CADC-8056-46C9-B2BB-A70C4119F96E}.Debug|Any CPU.ActiveCfg = Debug|Any CPU
		{C728CADC-8056-46C9-B2BB-A70C4119F96E}.Debug|Any CPU.Build.0 = Debug|Any CPU
		{C728CADC-8056-46C9-B2BB-A70C4119F96E}.Dev|Any CPU.ActiveCfg = Dev|Any CPU
		{C728CADC-8056-46C9-B2BB-A70C4119F96E}.Dev|Any CPU.Build.0 = Dev|Any CPU
		{C728CADC-8056-46C9-B2BB-A70C4119F96E}.Release|Any CPU.ActiveCfg = Release|Any CPU
		{C728CADC-8056-46C9-B2BB-A70C4119F96E}.Release|Any CPU.Build.0 = Release|Any CPU
		{AEEDD741-C346-45BA-A867-3F54B66477A4}.Debug|Any CPU.ActiveCfg = Debug|Any CPU
		{AEEDD741-C346-45BA-A867-3F54B66477A4}.Debug|Any CPU.Build.0 = Debug|Any CPU
		{AEEDD741-C346-45BA-A867-3F54B66477A4}.Dev|Any CPU.ActiveCfg = Dev|Any CPU
		{AEEDD741-C346-45BA-A867-3F54B66477A4}.Dev|Any CPU.Build.0 = Dev|Any CPU
		{AEEDD741-C346-45BA-A867-3F54B66477A4}.Release|Any CPU.ActiveCfg = Release|Any CPU
		{AEEDD741-C346-45BA-A867-3F54B66477A4}.Release|Any CPU.Build.0 = Release|Any CPU
		{0AA8B946-9276-4C6D-8E0C-F3D90B79E555}.Debug|Any CPU.ActiveCfg = Debug|Any CPU
		{0AA8B946-9276-4C6D-8E0C-F3D90B79E555}.Debug|Any CPU.Build.0 = Debug|Any CPU
		{0AA8B946-9276-4C6D-8E0C-F3D90B79E555}.Dev|Any CPU.ActiveCfg = Dev|Any CPU
		{0AA8B946-9276-4C6D-8E0C-F3D90B79E555}.Dev|Any CPU.Build.0 = Dev|Any CPU
		{0AA8B946-9276-4C6D-8E0C-F3D90B79E555}.Release|Any CPU.ActiveCfg = Release|Any CPU
		{0AA8B946-9276-4C6D-8E0C-F3D90B79E555}.Release|Any CPU.Build.0 = Release|Any CPU
		{BD53A64C-B782-4BD3-A771-4D2938DBEBFC}.Debug|Any CPU.ActiveCfg = Debug|Any CPU
		{BD53A64C-B782-4BD3-A771-4D2938DBEBFC}.Debug|Any CPU.Build.0 = Debug|Any CPU
		{BD53A64C-B782-4BD3-A771-4D2938DBEBFC}.Dev|Any CPU.ActiveCfg = Dev|Any CPU
		{BD53A64C-B782-4BD3-A771-4D2938DBEBFC}.Dev|Any CPU.Build.0 = Dev|Any CPU
		{BD53A64C-B782-4BD3-A771-4D2938DBEBFC}.Release|Any CPU.ActiveCfg = Release|Any CPU
		{BD53A64C-B782-4BD3-A771-4D2938DBEBFC}.Release|Any CPU.Build.0 = Release|Any CPU
		{FA926702-2FC7-4C85-8ECD-91F2424F0037}.Debug|Any CPU.ActiveCfg = Debug|Any CPU
		{FA926702-2FC7-4C85-8ECD-91F2424F0037}.Debug|Any CPU.Build.0 = Debug|Any CPU
		{FA926702-2FC7-4C85-8ECD-91F2424F0037}.Dev|Any CPU.ActiveCfg = Dev|Any CPU
		{FA926702-2FC7-4C85-8ECD-91F2424F0037}.Dev|Any CPU.Build.0 = Dev|Any CPU
		{FA926702-2FC7-4C85-8ECD-91F2424F0037}.Release|Any CPU.ActiveCfg = Release|Any CPU
		{FA926702-2FC7-4C85-8ECD-91F2424F0037}.Release|Any CPU.Build.0 = Release|Any CPU
		{0F65C07A-002D-46FB-8F0A-C9738B25D054}.Debug|Any CPU.ActiveCfg = Debug|Any CPU
		{0F65C07A-002D-46FB-8F0A-C9738B25D054}.Debug|Any CPU.Build.0 = Debug|Any CPU
		{0F65C07A-002D-46FB-8F0A-C9738B25D054}.Dev|Any CPU.ActiveCfg = Dev|Any CPU
		{0F65C07A-002D-46FB-8F0A-C9738B25D054}.Dev|Any CPU.Build.0 = Dev|Any CPU
		{0F65C07A-002D-46FB-8F0A-C9738B25D054}.Release|Any CPU.ActiveCfg = Release|Any CPU
		{0F65C07A-002D-46FB-8F0A-C9738B25D054}.Release|Any CPU.Build.0 = Release|Any CPU
		{33A5DEAD-B502-40AA-B804-CFAD7495B039}.Debug|Any CPU.ActiveCfg = Debug|Any CPU
		{33A5DEAD-B502-40AA-B804-CFAD7495B039}.Debug|Any CPU.Build.0 = Debug|Any CPU
		{33A5DEAD-B502-40AA-B804-CFAD7495B039}.Dev|Any CPU.ActiveCfg = Dev|Any CPU
		{33A5DEAD-B502-40AA-B804-CFAD7495B039}.Dev|Any CPU.Build.0 = Dev|Any CPU
		{33A5DEAD-B502-40AA-B804-CFAD7495B039}.Release|Any CPU.ActiveCfg = Release|Any CPU
		{33A5DEAD-B502-40AA-B804-CFAD7495B039}.Release|Any CPU.Build.0 = Release|Any CPU
		{763AB0EE-41AE-45DA-8C2C-43547E64C5FC}.Debug|Any CPU.ActiveCfg = Debug|Any CPU
		{763AB0EE-41AE-45DA-8C2C-43547E64C5FC}.Debug|Any CPU.Build.0 = Debug|Any CPU
		{763AB0EE-41AE-45DA-8C2C-43547E64C5FC}.Dev|Any CPU.ActiveCfg = Dev|Any CPU
		{763AB0EE-41AE-45DA-8C2C-43547E64C5FC}.Dev|Any CPU.Build.0 = Dev|Any CPU
		{763AB0EE-41AE-45DA-8C2C-43547E64C5FC}.Release|Any CPU.ActiveCfg = Release|Any CPU
		{763AB0EE-41AE-45DA-8C2C-43547E64C5FC}.Release|Any CPU.Build.0 = Release|Any CPU
		{24615298-1937-4540-B572-3FEE0D65A820}.Debug|Any CPU.ActiveCfg = Debug|Any CPU
		{24615298-1937-4540-B572-3FEE0D65A820}.Debug|Any CPU.Build.0 = Debug|Any CPU
		{24615298-1937-4540-B572-3FEE0D65A820}.Dev|Any CPU.ActiveCfg = Dev|Any CPU
		{24615298-1937-4540-B572-3FEE0D65A820}.Dev|Any CPU.Build.0 = Dev|Any CPU
		{24615298-1937-4540-B572-3FEE0D65A820}.Release|Any CPU.ActiveCfg = Release|Any CPU
		{24615298-1937-4540-B572-3FEE0D65A820}.Release|Any CPU.Build.0 = Release|Any CPU
		{BCB72A58-8273-4F9C-82B6-B522EBDE613C}.Debug|Any CPU.ActiveCfg = Debug|Any CPU
		{BCB72A58-8273-4F9C-82B6-B522EBDE613C}.Debug|Any CPU.Build.0 = Debug|Any CPU
		{BCB72A58-8273-4F9C-82B6-B522EBDE613C}.Dev|Any CPU.ActiveCfg = Dev|Any CPU
		{BCB72A58-8273-4F9C-82B6-B522EBDE613C}.Dev|Any CPU.Build.0 = Dev|Any CPU
		{BCB72A58-8273-4F9C-82B6-B522EBDE613C}.Release|Any CPU.ActiveCfg = Release|Any CPU
		{BCB72A58-8273-4F9C-82B6-B522EBDE613C}.Release|Any CPU.Build.0 = Release|Any CPU
		{87AE9E18-B3DC-4605-BE2A-FA7B6C50DAD6}.Debug|Any CPU.ActiveCfg = Debug|Any CPU
		{87AE9E18-B3DC-4605-BE2A-FA7B6C50DAD6}.Debug|Any CPU.Build.0 = Debug|Any CPU
		{87AE9E18-B3DC-4605-BE2A-FA7B6C50DAD6}.Dev|Any CPU.ActiveCfg = Dev|Any CPU
		{87AE9E18-B3DC-4605-BE2A-FA7B6C50DAD6}.Dev|Any CPU.Build.0 = Dev|Any CPU
		{87AE9E18-B3DC-4605-BE2A-FA7B6C50DAD6}.Release|Any CPU.ActiveCfg = Release|Any CPU
		{87AE9E18-B3DC-4605-BE2A-FA7B6C50DAD6}.Release|Any CPU.Build.0 = Release|Any CPU
		{5D10EC8B-E052-4A16-8924-214719A5C6E6}.Debug|Any CPU.ActiveCfg = Debug|Any CPU
		{5D10EC8B-E052-4A16-8924-214719A5C6E6}.Debug|Any CPU.Build.0 = Debug|Any CPU
		{5D10EC8B-E052-4A16-8924-214719A5C6E6}.Dev|Any CPU.ActiveCfg = Dev|Any CPU
		{5D10EC8B-E052-4A16-8924-214719A5C6E6}.Dev|Any CPU.Build.0 = Dev|Any CPU
		{5D10EC8B-E052-4A16-8924-214719A5C6E6}.Release|Any CPU.ActiveCfg = Release|Any CPU
		{5D10EC8B-E052-4A16-8924-214719A5C6E6}.Release|Any CPU.Build.0 = Release|Any CPU
		{150356A5-306B-4DA5-8D0C-504DA59F0E02}.Debug|Any CPU.ActiveCfg = Debug|Any CPU
		{150356A5-306B-4DA5-8D0C-504DA59F0E02}.Debug|Any CPU.Build.0 = Debug|Any CPU
		{150356A5-306B-4DA5-8D0C-504DA59F0E02}.Dev|Any CPU.ActiveCfg = Dev|Any CPU
		{150356A5-306B-4DA5-8D0C-504DA59F0E02}.Dev|Any CPU.Build.0 = Dev|Any CPU
		{150356A5-306B-4DA5-8D0C-504DA59F0E02}.Release|Any CPU.ActiveCfg = Release|Any CPU
		{150356A5-306B-4DA5-8D0C-504DA59F0E02}.Release|Any CPU.Build.0 = Release|Any CPU
		{C7D1ABE8-8BF0-498D-942E-0C3D33B067F4}.Debug|Any CPU.ActiveCfg = Debug|Any CPU
		{C7D1ABE8-8BF0-498D-942E-0C3D33B067F4}.Debug|Any CPU.Build.0 = Debug|Any CPU
		{C7D1ABE8-8BF0-498D-942E-0C3D33B067F4}.Dev|Any CPU.ActiveCfg = Dev|Any CPU
		{C7D1ABE8-8BF0-498D-942E-0C3D33B067F4}.Dev|Any CPU.Build.0 = Dev|Any CPU
		{C7D1ABE8-8BF0-498D-942E-0C3D33B067F4}.Release|Any CPU.ActiveCfg = Release|Any CPU
		{C7D1ABE8-8BF0-498D-942E-0C3D33B067F4}.Release|Any CPU.Build.0 = Release|Any CPU
		{5AFD35B7-FB46-4008-8B46-AD127762D358}.Debug|Any CPU.ActiveCfg = Debug|Any CPU
		{5AFD35B7-FB46-4008-8B46-AD127762D358}.Debug|Any CPU.Build.0 = Debug|Any CPU
		{5AFD35B7-FB46-4008-8B46-AD127762D358}.Dev|Any CPU.ActiveCfg = Dev|Any CPU
		{5AFD35B7-FB46-4008-8B46-AD127762D358}.Dev|Any CPU.Build.0 = Dev|Any CPU
		{5AFD35B7-FB46-4008-8B46-AD127762D358}.Release|Any CPU.ActiveCfg = Release|Any CPU
		{5AFD35B7-FB46-4008-8B46-AD127762D358}.Release|Any CPU.Build.0 = Release|Any CPU
		{0C7E1466-F223-4D93-B53D-E896D0271F5D}.Debug|Any CPU.ActiveCfg = Debug|Any CPU
		{0C7E1466-F223-4D93-B53D-E896D0271F5D}.Debug|Any CPU.Build.0 = Debug|Any CPU
		{0C7E1466-F223-4D93-B53D-E896D0271F5D}.Dev|Any CPU.ActiveCfg = Dev|Any CPU
		{0C7E1466-F223-4D93-B53D-E896D0271F5D}.Dev|Any CPU.Build.0 = Dev|Any CPU
		{0C7E1466-F223-4D93-B53D-E896D0271F5D}.Release|Any CPU.ActiveCfg = Release|Any CPU
		{0C7E1466-F223-4D93-B53D-E896D0271F5D}.Release|Any CPU.Build.0 = Release|Any CPU
		{299A19F1-8DDC-4532-9DD9-FFF0FFCFEDED}.Debug|Any CPU.ActiveCfg = Debug|Any CPU
		{299A19F1-8DDC-4532-9DD9-FFF0FFCFEDED}.Debug|Any CPU.Build.0 = Debug|Any CPU
		{299A19F1-8DDC-4532-9DD9-FFF0FFCFEDED}.Dev|Any CPU.ActiveCfg = Dev|Any CPU
		{299A19F1-8DDC-4532-9DD9-FFF0FFCFEDED}.Dev|Any CPU.Build.0 = Dev|Any CPU
		{299A19F1-8DDC-4532-9DD9-FFF0FFCFEDED}.Release|Any CPU.ActiveCfg = Release|Any CPU
		{299A19F1-8DDC-4532-9DD9-FFF0FFCFEDED}.Release|Any CPU.Build.0 = Release|Any CPU
		{5D3D0478-40A1-45F9-9BF0-12E6AAD7B321}.Debug|Any CPU.ActiveCfg = Debug|Any CPU
		{5D3D0478-40A1-45F9-9BF0-12E6AAD7B321}.Debug|Any CPU.Build.0 = Debug|Any CPU
		{5D3D0478-40A1-45F9-9BF0-12E6AAD7B321}.Dev|Any CPU.ActiveCfg = Dev|Any CPU
		{5D3D0478-40A1-45F9-9BF0-12E6AAD7B321}.Release|Any CPU.ActiveCfg = Release|Any CPU
		{21ADFF87-BB23-46BA-AE47-07B8EDA135BF}.Debug|Any CPU.ActiveCfg = Debug|Any CPU
		{21ADFF87-BB23-46BA-AE47-07B8EDA135BF}.Debug|Any CPU.Build.0 = Debug|Any CPU
		{21ADFF87-BB23-46BA-AE47-07B8EDA135BF}.Dev|Any CPU.ActiveCfg = Dev|Any CPU
		{21ADFF87-BB23-46BA-AE47-07B8EDA135BF}.Dev|Any CPU.Build.0 = Dev|Any CPU
		{21ADFF87-BB23-46BA-AE47-07B8EDA135BF}.Release|Any CPU.ActiveCfg = Release|Any CPU
		{21ADFF87-BB23-46BA-AE47-07B8EDA135BF}.Release|Any CPU.Build.0 = Release|Any CPU
		{BF945C8E-81B4-4ADF-8F33-E64FF48DD0B7}.Debug|Any CPU.ActiveCfg = Debug|Any CPU
		{BF945C8E-81B4-4ADF-8F33-E64FF48DD0B7}.Debug|Any CPU.Build.0 = Debug|Any CPU
		{BF945C8E-81B4-4ADF-8F33-E64FF48DD0B7}.Dev|Any CPU.ActiveCfg = Dev|Any CPU
		{BF945C8E-81B4-4ADF-8F33-E64FF48DD0B7}.Dev|Any CPU.Build.0 = Dev|Any CPU
		{BF945C8E-81B4-4ADF-8F33-E64FF48DD0B7}.Release|Any CPU.ActiveCfg = Release|Any CPU
		{BF945C8E-81B4-4ADF-8F33-E64FF48DD0B7}.Release|Any CPU.Build.0 = Release|Any CPU
		{81105C89-FD8E-44FC-84C1-B52FFFAE3508}.Debug|Any CPU.ActiveCfg = Debug|Any CPU
		{81105C89-FD8E-44FC-84C1-B52FFFAE3508}.Debug|Any CPU.Build.0 = Debug|Any CPU
		{81105C89-FD8E-44FC-84C1-B52FFFAE3508}.Dev|Any CPU.ActiveCfg = Dev|Any CPU
		{81105C89-FD8E-44FC-84C1-B52FFFAE3508}.Dev|Any CPU.Build.0 = Dev|Any CPU
		{81105C89-FD8E-44FC-84C1-B52FFFAE3508}.Release|Any CPU.ActiveCfg = Release|Any CPU
		{81105C89-FD8E-44FC-84C1-B52FFFAE3508}.Release|Any CPU.Build.0 = Release|Any CPU
		{29B19F64-6443-4A62-A3D1-AEC8C8514824}.Debug|Any CPU.ActiveCfg = Debug|Any CPU
		{29B19F64-6443-4A62-A3D1-AEC8C8514824}.Debug|Any CPU.Build.0 = Debug|Any CPU
		{29B19F64-6443-4A62-A3D1-AEC8C8514824}.Dev|Any CPU.ActiveCfg = Dev|Any CPU
		{29B19F64-6443-4A62-A3D1-AEC8C8514824}.Dev|Any CPU.Build.0 = Dev|Any CPU
		{29B19F64-6443-4A62-A3D1-AEC8C8514824}.Release|Any CPU.ActiveCfg = Release|Any CPU
		{29B19F64-6443-4A62-A3D1-AEC8C8514824}.Release|Any CPU.Build.0 = Release|Any CPU
		{B4C7E72D-CDB6-4FEA-ABDF-3564A588A762}.Debug|Any CPU.ActiveCfg = Debug|Any CPU
		{B4C7E72D-CDB6-4FEA-ABDF-3564A588A762}.Debug|Any CPU.Build.0 = Debug|Any CPU
		{B4C7E72D-CDB6-4FEA-ABDF-3564A588A762}.Dev|Any CPU.ActiveCfg = Dev|Any CPU
		{B4C7E72D-CDB6-4FEA-ABDF-3564A588A762}.Dev|Any CPU.Build.0 = Dev|Any CPU
		{B4C7E72D-CDB6-4FEA-ABDF-3564A588A762}.Release|Any CPU.ActiveCfg = Release|Any CPU
		{B4C7E72D-CDB6-4FEA-ABDF-3564A588A762}.Release|Any CPU.Build.0 = Release|Any CPU
		{FED3ABD9-CB01-426A-B4DE-F9A59B296841}.Debug|Any CPU.ActiveCfg = Debug|Any CPU
		{FED3ABD9-CB01-426A-B4DE-F9A59B296841}.Debug|Any CPU.Build.0 = Debug|Any CPU
		{FED3ABD9-CB01-426A-B4DE-F9A59B296841}.Dev|Any CPU.ActiveCfg = Dev|Any CPU
		{FED3ABD9-CB01-426A-B4DE-F9A59B296841}.Dev|Any CPU.Build.0 = Dev|Any CPU
		{FED3ABD9-CB01-426A-B4DE-F9A59B296841}.Release|Any CPU.ActiveCfg = Release|Any CPU
		{FED3ABD9-CB01-426A-B4DE-F9A59B296841}.Release|Any CPU.Build.0 = Release|Any CPU
		{0FAC9C07-F2EB-4118-BED1-D2C7E786BE20}.Debug|Any CPU.ActiveCfg = Debug|Any CPU
		{0FAC9C07-F2EB-4118-BED1-D2C7E786BE20}.Debug|Any CPU.Build.0 = Debug|Any CPU
		{0FAC9C07-F2EB-4118-BED1-D2C7E786BE20}.Dev|Any CPU.ActiveCfg = Dev|Any CPU
		{0FAC9C07-F2EB-4118-BED1-D2C7E786BE20}.Dev|Any CPU.Build.0 = Dev|Any CPU
		{0FAC9C07-F2EB-4118-BED1-D2C7E786BE20}.Release|Any CPU.ActiveCfg = Release|Any CPU
		{0FAC9C07-F2EB-4118-BED1-D2C7E786BE20}.Release|Any CPU.Build.0 = Release|Any CPU
		{F788DD6F-2DF7-45BA-950A-EC5CBC5731D8}.Debug|Any CPU.ActiveCfg = Debug|Any CPU
		{F788DD6F-2DF7-45BA-950A-EC5CBC5731D8}.Debug|Any CPU.Build.0 = Debug|Any CPU
		{F788DD6F-2DF7-45BA-950A-EC5CBC5731D8}.Dev|Any CPU.ActiveCfg = Dev|Any CPU
		{F788DD6F-2DF7-45BA-950A-EC5CBC5731D8}.Dev|Any CPU.Build.0 = Dev|Any CPU
		{F788DD6F-2DF7-45BA-950A-EC5CBC5731D8}.Release|Any CPU.ActiveCfg = Release|Any CPU
		{F788DD6F-2DF7-45BA-950A-EC5CBC5731D8}.Release|Any CPU.Build.0 = Release|Any CPU
		{F1D97E59-C5C6-4C9F-B83D-30800B159890}.Debug|Any CPU.ActiveCfg = Debug|Any CPU
		{F1D97E59-C5C6-4C9F-B83D-30800B159890}.Debug|Any CPU.Build.0 = Debug|Any CPU
		{F1D97E59-C5C6-4C9F-B83D-30800B159890}.Dev|Any CPU.ActiveCfg = Dev|Any CPU
		{F1D97E59-C5C6-4C9F-B83D-30800B159890}.Release|Any CPU.ActiveCfg = Release|Any CPU
		{1D71F0CE-31DE-4893-9172-E03864C90299}.Debug|Any CPU.ActiveCfg = Debug|Any CPU
		{1D71F0CE-31DE-4893-9172-E03864C90299}.Debug|Any CPU.Build.0 = Debug|Any CPU
		{1D71F0CE-31DE-4893-9172-E03864C90299}.Dev|Any CPU.ActiveCfg = Dev|Any CPU
		{1D71F0CE-31DE-4893-9172-E03864C90299}.Release|Any CPU.ActiveCfg = Release|Any CPU
		{ADFED5AF-A153-4203-A406-3405C5B65DBB}.Debug|Any CPU.ActiveCfg = Debug|Any CPU
		{ADFED5AF-A153-4203-A406-3405C5B65DBB}.Debug|Any CPU.Build.0 = Debug|Any CPU
		{ADFED5AF-A153-4203-A406-3405C5B65DBB}.Dev|Any CPU.ActiveCfg = Dev|Any CPU
		{ADFED5AF-A153-4203-A406-3405C5B65DBB}.Release|Any CPU.ActiveCfg = Release|Any CPU
		{7DDF1804-A1E6-45DF-BB95-8A85C333358F}.Debug|Any CPU.ActiveCfg = Debug|Any CPU
		{7DDF1804-A1E6-45DF-BB95-8A85C333358F}.Debug|Any CPU.Build.0 = Debug|Any CPU
		{7DDF1804-A1E6-45DF-BB95-8A85C333358F}.Dev|Any CPU.ActiveCfg = Dev|Any CPU
		{7DDF1804-A1E6-45DF-BB95-8A85C333358F}.Release|Any CPU.ActiveCfg = Release|Any CPU
	EndGlobalSection
	GlobalSection(SolutionProperties) = preSolution
		HideSolutionNode = FALSE
	EndGlobalSection
	GlobalSection(NestedProjects) = preSolution
		{CD0375D8-CFD0-4EA4-A7C7-2492CD9C5660} = {3BF9FB2B-6BF1-443D-93CD-6B2983FA379D}
		{C728CADC-8056-46C9-B2BB-A70C4119F96E} = {3BF9FB2B-6BF1-443D-93CD-6B2983FA379D}
		{AEEDD741-C346-45BA-A867-3F54B66477A4} = {3BF9FB2B-6BF1-443D-93CD-6B2983FA379D}
		{0AA8B946-9276-4C6D-8E0C-F3D90B79E555} = {3BF9FB2B-6BF1-443D-93CD-6B2983FA379D}
		{BD53A64C-B782-4BD3-A771-4D2938DBEBFC} = {3BF9FB2B-6BF1-443D-93CD-6B2983FA379D}
		{FA926702-2FC7-4C85-8ECD-91F2424F0037} = {3BF9FB2B-6BF1-443D-93CD-6B2983FA379D}
		{0F65C07A-002D-46FB-8F0A-C9738B25D054} = {3BF9FB2B-6BF1-443D-93CD-6B2983FA379D}
		{33A5DEAD-B502-40AA-B804-CFAD7495B039} = {3BF9FB2B-6BF1-443D-93CD-6B2983FA379D}
		{763AB0EE-41AE-45DA-8C2C-43547E64C5FC} = {3BF9FB2B-6BF1-443D-93CD-6B2983FA379D}
		{24615298-1937-4540-B572-3FEE0D65A820} = {3BF9FB2B-6BF1-443D-93CD-6B2983FA379D}
		{BCB72A58-8273-4F9C-82B6-B522EBDE613C} = {3BF9FB2B-6BF1-443D-93CD-6B2983FA379D}
		{87AE9E18-B3DC-4605-BE2A-FA7B6C50DAD6} = {3BF9FB2B-6BF1-443D-93CD-6B2983FA379D}
		{5D10EC8B-E052-4A16-8924-214719A5C6E6} = {3BF9FB2B-6BF1-443D-93CD-6B2983FA379D}
		{150356A5-306B-4DA5-8D0C-504DA59F0E02} = {3BF9FB2B-6BF1-443D-93CD-6B2983FA379D}
		{C7D1ABE8-8BF0-498D-942E-0C3D33B067F4} = {3BF9FB2B-6BF1-443D-93CD-6B2983FA379D}
		{5AFD35B7-FB46-4008-8B46-AD127762D358} = {3BF9FB2B-6BF1-443D-93CD-6B2983FA379D}
		{0C7E1466-F223-4D93-B53D-E896D0271F5D} = {3BF9FB2B-6BF1-443D-93CD-6B2983FA379D}
		{299A19F1-8DDC-4532-9DD9-FFF0FFCFEDED} = {3BF9FB2B-6BF1-443D-93CD-6B2983FA379D}
		{5D3D0478-40A1-45F9-9BF0-12E6AAD7B321} = {F06B1E30-1E95-4DDD-8190-2138AF6E7ACE}
		{21ADFF87-BB23-46BA-AE47-07B8EDA135BF} = {3BF9FB2B-6BF1-443D-93CD-6B2983FA379D}
		{BF945C8E-81B4-4ADF-8F33-E64FF48DD0B7} = {3BF9FB2B-6BF1-443D-93CD-6B2983FA379D}
		{81105C89-FD8E-44FC-84C1-B52FFFAE3508} = {3BF9FB2B-6BF1-443D-93CD-6B2983FA379D}
		{29B19F64-6443-4A62-A3D1-AEC8C8514824} = {3BF9FB2B-6BF1-443D-93CD-6B2983FA379D}
		{B4C7E72D-CDB6-4FEA-ABDF-3564A588A762} = {3BF9FB2B-6BF1-443D-93CD-6B2983FA379D}
		{FED3ABD9-CB01-426A-B4DE-F9A59B296841} = {3BF9FB2B-6BF1-443D-93CD-6B2983FA379D}
		{0FAC9C07-F2EB-4118-BED1-D2C7E786BE20} = {3BF9FB2B-6BF1-443D-93CD-6B2983FA379D}
		{F788DD6F-2DF7-45BA-950A-EC5CBC5731D8} = {3BF9FB2B-6BF1-443D-93CD-6B2983FA379D}
		{F1D97E59-C5C6-4C9F-B83D-30800B159890} = {F06B1E30-1E95-4DDD-8190-2138AF6E7ACE}
		{505F6D40-8F67-442F-B87C-6F321C542B6F} = {A74B9459-51A0-4D56-8F5A-F17340F24F27}
		{ED27989D-27C6-47AD-A374-A2722C9B2EDC} = {A74B9459-51A0-4D56-8F5A-F17340F24F27}
		{7E28CEE8-1482-49B6-B994-68CF94832193} = {A74B9459-51A0-4D56-8F5A-F17340F24F27}
		{1D71F0CE-31DE-4893-9172-E03864C90299} = {127F7E21-F802-4AAF-9889-00F56FDEC251}
		{ADFED5AF-A153-4203-A406-3405C5B65DBB} = {F06B1E30-1E95-4DDD-8190-2138AF6E7ACE}
		{7DDF1804-A1E6-45DF-BB95-8A85C333358F} = {CC04F3F8-C848-442F-AD28-C55B34DF1A77}
		{F51C9E20-8B88-41E6-B995-67F2F8E771F7} = {C5BB331B-3C14-4966-AC92-9F5907DD2567}
		{4703AF0C-6196-4C05-83C8-0A1F88A07094} = {7E28CEE8-1482-49B6-B994-68CF94832193}
		{99B1DC9D-35BC-4B00-A2FE-87B9DC0FE560} = {505F6D40-8F67-442F-B87C-6F321C542B6F}
		{83FCF242-B3CD-40D6-BE3F-070880DCCBC4} = {ED27989D-27C6-47AD-A374-A2722C9B2EDC}
	EndGlobalSection
EndGlobal
